
Microsoft Visual Studio Solution File, Format Version 12.00
# Visual Studio Version 17
VisualStudioVersion = 17.14.36414.22 d17.14
MinimumVisualStudioVersion = 10.0.40219.1
Project("{FAE04EC0-301F-11D3-BF4B-00C04F79EFBC}") = "RestrurantPG", "RestrurantPG.csproj", "{1EDE5881-5DCE-4077-805D-04B9CF61CAEF}"
EndProject
Global
	GlobalSection(SolutionConfigurationPlatforms) = preSolution
		Debug|Any CPU = Debug|Any CPU
		Release|Any CPU = Release|Any CPU
	EndGlobalSection
	GlobalSection(ProjectConfigurationPlatforms) = postSolution
		{1EDE5881-5DCE-4077-805D-04B9CF61CAEF}.Debug|Any CPU.ActiveCfg = Debug|Any CPU
		{1EDE5881-5DCE-4077-805D-04B9CF61CAEF}.Debug|Any CPU.Build.0 = Debug|Any CPU
		{1EDE5881-5DCE-4077-805D-04B9CF61CAEF}.Release|Any CPU.ActiveCfg = Release|Any CPU
		{1EDE5881-5DCE-4077-805D-04B9CF61CAEF}.Release|Any CPU.Build.0 = Release|Any CPU
	EndGlobalSection
	GlobalSection(SolutionProperties) = preSolution
		HideSolutionNode = FALSE
	EndGlobalSection
	GlobalSection(ExtensibilityGlobals) = postSolution
		SolutionGuid = {8765FF05-5136-44B9-8F57-66DED8374C34}
	EndGlobalSection
EndGlobal
